
Microsoft Visual Studio Solution File, Format Version 12.00
# Visual Studio 15
VisualStudioVersion = 15.0.28307.572
MinimumVisualStudioVersion = 10.0.40219.1
Project("{9A19103F-16F7-4668-BE54-9A1E7A4F7556}") = "Lombard.Logic", "Lombard.Logic\Lombard.Logic.csproj", "{37BD827B-A58E-45F4-B491-75D0AA4DA5BA}"
EndProject
Project("{9A19103F-16F7-4668-BE54-9A1E7A4F7556}") = "Lombard.Tests", "Lombard.Tests\Lombard.Tests.csproj", "{DA2220F0-6828-4D90-8C90-70D27FEF66A9}"
EndProject
Project("{9A19103F-16F7-4668-BE54-9A1E7A4F7556}") = "Lombard.API", "Lombard.API\Lombard.API.csproj", "{C85F8A6E-1772-418C-A356-EC2786EB97BB}"
EndProject
Project("{2150E333-8FDC-42A3-9474-1A3956D46DE8}") = "Solution Items", "Solution Items", "{97D576DB-A934-4105-A6E7-36F91F2BB886}"
	ProjectSection(SolutionItems) = preProject
		MyRuleSet1.ruleset = MyRuleSet1.ruleset
	EndProjectSection
EndProject
Global
	GlobalSection(SolutionConfigurationPlatforms) = preSolution
		Debug|Any CPU = Debug|Any CPU
		Release|Any CPU = Release|Any CPU
	EndGlobalSection
	GlobalSection(ProjectConfigurationPlatforms) = postSolution
		{37BD827B-A58E-45F4-B491-75D0AA4DA5BA}.Debug|Any CPU.ActiveCfg = Debug|Any CPU
		{37BD827B-A58E-45F4-B491-75D0AA4DA5BA}.Debug|Any CPU.Build.0 = Debug|Any CPU
		{37BD827B-A58E-45F4-B491-75D0AA4DA5BA}.Release|Any CPU.ActiveCfg = Release|Any CPU
		{37BD827B-A58E-45F4-B491-75D0AA4DA5BA}.Release|Any CPU.Build.0 = Release|Any CPU
		{DA2220F0-6828-4D90-8C90-70D27FEF66A9}.Debug|Any CPU.ActiveCfg = Debug|Any CPU
		{DA2220F0-6828-4D90-8C90-70D27FEF66A9}.Debug|Any CPU.Build.0 = Debug|Any CPU
		{DA2220F0-6828-4D90-8C90-70D27FEF66A9}.Release|Any CPU.ActiveCfg = Release|Any CPU
		{DA2220F0-6828-4D90-8C90-70D27FEF66A9}.Release|Any CPU.Build.0 = Release|Any CPU
		{C85F8A6E-1772-418C-A356-EC2786EB97BB}.Debug|Any CPU.ActiveCfg = Debug|Any CPU
		{C85F8A6E-1772-418C-A356-EC2786EB97BB}.Debug|Any CPU.Build.0 = Debug|Any CPU
		{C85F8A6E-1772-418C-A356-EC2786EB97BB}.Release|Any CPU.ActiveCfg = Release|Any CPU
		{C85F8A6E-1772-418C-A356-EC2786EB97BB}.Release|Any CPU.Build.0 = Release|Any CPU
	EndGlobalSection
	GlobalSection(SolutionProperties) = preSolution
		HideSolutionNode = FALSE
	EndGlobalSection
	GlobalSection(ExtensibilityGlobals) = postSolution
		SolutionGuid = {6D82C16B-C3C5-47B6-82F7-CF5CBA8B5F87}
	EndGlobalSection
EndGlobal
